
Microsoft Visual Studio Solution File, Format Version 12.00
# Visual Studio 2013
VisualStudioVersion = 12.0.31101.0
MinimumVisualStudioVersion = 10.0.40219.1
Project("{FAE04EC0-301F-11D3-BF4B-00C04F79EFBC}") = "Domain", "Domain\Domain.csproj", "{F6B3EB1A-D49A-41DB-92F2-17E87C501C0C}"
EndProject
Project("{FAE04EC0-301F-11D3-BF4B-00C04F79EFBC}") = "API", "API\API.csproj", "{165C83FF-146B-477E-B7CF-6526B75B1E85}"
EndProject
Global
	GlobalSection(SolutionConfigurationPlatforms) = preSolution
		Debug|Any CPU = Debug|Any CPU
		Release|Any CPU = Release|Any CPU
	EndGlobalSection
	GlobalSection(ProjectConfigurationPlatforms) = postSolution
		{F6B3EB1A-D49A-41DB-92F2-17E87C501C0C}.Debug|Any CPU.ActiveCfg = Debug|Any CPU
		{F6B3EB1A-D49A-41DB-92F2-17E87C501C0C}.Debug|Any CPU.Build.0 = Debug|Any CPU
		{F6B3EB1A-D49A-41DB-92F2-17E87C501C0C}.Release|Any CPU.ActiveCfg = Release|Any CPU
		{F6B3EB1A-D49A-41DB-92F2-17E87C501C0C}.Release|Any CPU.Build.0 = Release|Any CPU
		{165C83FF-146B-477E-B7CF-6526B75B1E85}.Debug|Any CPU.ActiveCfg = Debug|Any CPU
		{165C83FF-146B-477E-B7CF-6526B75B1E85}.Debug|Any CPU.Build.0 = Debug|Any CPU
		{165C83FF-146B-477E-B7CF-6526B75B1E85}.Release|Any CPU.ActiveCfg = Release|Any CPU
		{165C83FF-146B-477E-B7CF-6526B75B1E85}.Release|Any CPU.Build.0 = Release|Any CPU
	EndGlobalSection
	GlobalSection(SolutionProperties) = preSolution
		HideSolutionNode = FALSE
	EndGlobalSection
EndGlobal
